{
  "name": "example-crud",
  "version": "1.0.0",
  "lockfileVersion": 1,
  "requires": true,
  "dependencies": {
    "@fortawesome/fontawesome-common-types": {
      "version": "0.1.6",
      "resolved": "https://registry.npmjs.org/@fortawesome/fontawesome-common-types/-/fontawesome-common-types-0.1.6.tgz",
      "integrity": "sha512-p4oEK5k1Uy2va1jLv2eVRLv6LJwXw/EkZTm8ZFX9YAga2vuzhHuIsaL1FAtkqzZJ/ZpEygTle5eGTe3Hc9jvuA=="
    },
    "@fortawesome/fontawesome-free-brands": {
      "version": "5.0.12",
      "resolved": "https://registry.npmjs.org/@fortawesome/fontawesome-free-brands/-/fontawesome-free-brands-5.0.12.tgz",
      "integrity": "sha512-xR31L9zO/WmLxliTGl/WHCgYJbCWan+krZrELKpAwWjcbMsR8ui15BeVrZ7vbhTZUhWgJdMMVfEvsQq2tnFHRQ==",
      "requires": {
        "@fortawesome/fontawesome-common-types": "0.1.6"
      }
    }
  }
}
